
Microsoft Visual Studio Solution File, Format Version 12.00
# Visual Studio Version 16
VisualStudioVersion = 16.0.30907.101
MinimumVisualStudioVersion = 10.0.40219.1
Project("{FAE04EC0-301F-11D3-BF4B-00C04F79EFBC}") = "KNUTETask1", "KNUTETask1.csproj", "{51598338-2219-4781-B419-74AC61231B87}"
EndProject
Project("{FAE04EC0-301F-11D3-BF4B-00C04F79EFBC}") = "KNUTETask2", "..\KNUTETask2\KNUTETask2.csproj", "{F681EF3A-80F2-4006-A771-61C49D811FF4}"
EndProject
Global
	GlobalSection(SolutionConfigurationPlatforms) = preSolution
		Debug|Any CPU = Debug|Any CPU
		Release|Any CPU = Release|Any CPU
	EndGlobalSection
	GlobalSection(ProjectConfigurationPlatforms) = postSolution
		{51598338-2219-4781-B419-74AC61231B87}.Debug|Any CPU.ActiveCfg = Debug|Any CPU
		{51598338-2219-4781-B419-74AC61231B87}.Debug|Any CPU.Build.0 = Debug|Any CPU
		{51598338-2219-4781-B419-74AC61231B87}.Release|Any CPU.ActiveCfg = Release|Any CPU
		{51598338-2219-4781-B419-74AC61231B87}.Release|Any CPU.Build.0 = Release|Any CPU
		{F681EF3A-80F2-4006-A771-61C49D811FF4}.Debug|Any CPU.ActiveCfg = Debug|Any CPU
		{F681EF3A-80F2-4006-A771-61C49D811FF4}.Debug|Any CPU.Build.0 = Debug|Any CPU
		{F681EF3A-80F2-4006-A771-61C49D811FF4}.Release|Any CPU.ActiveCfg = Release|Any CPU
		{F681EF3A-80F2-4006-A771-61C49D811FF4}.Release|Any CPU.Build.0 = Release|Any CPU
	EndGlobalSection
	GlobalSection(SolutionProperties) = preSolution
		HideSolutionNode = FALSE
	EndGlobalSection
	GlobalSection(ExtensibilityGlobals) = postSolution
		SolutionGuid = {C9C549F5-3EDE-4261-89B7-103393E2F8B9}
	EndGlobalSection
EndGlobal
